
Microsoft Visual Studio Solution File, Format Version 12.00
# Visual Studio Version 17
VisualStudioVersion = 17.14.36301.6 d17.14
MinimumVisualStudioVersion = 10.0.40219.1
Project("{FAE04EC0-301F-11D3-BF4B-00C04F79EFBC}") = "Task3", "Task3\Task3.csproj", "{F31C6DA1-A672-468C-BB8D-ABAC545DC006}"
EndProject
Project("{FAE04EC0-301F-11D3-BF4B-00C04F79EFBC}") = "Task4", "Task4\Task4.csproj", "{4D564239-B0E4-4E27-A53D-397FA1964CA4}"
EndProject
Global
	GlobalSection(SolutionConfigurationPlatforms) = preSolution
		Debug|Any CPU = Debug|Any CPU
		Release|Any CPU = Release|Any CPU
	EndGlobalSection
	GlobalSection(ProjectConfigurationPlatforms) = postSolution
		{F31C6DA1-A672-468C-BB8D-ABAC545DC006}.Debug|Any CPU.ActiveCfg = Debug|Any CPU
		{F31C6DA1-A672-468C-BB8D-ABAC545DC006}.Debug|Any CPU.Build.0 = Debug|Any CPU
		{F31C6DA1-A672-468C-BB8D-ABAC545DC006}.Release|Any CPU.ActiveCfg = Release|Any CPU
		{F31C6DA1-A672-468C-BB8D-ABAC545DC006}.Release|Any CPU.Build.0 = Release|Any CPU
		{4D564239-B0E4-4E27-A53D-397FA1964CA4}.Debug|Any CPU.ActiveCfg = Debug|Any CPU
		{4D564239-B0E4-4E27-A53D-397FA1964CA4}.Debug|Any CPU.Build.0 = Debug|Any CPU
		{4D564239-B0E4-4E27-A53D-397FA1964CA4}.Release|Any CPU.ActiveCfg = Release|Any CPU
		{4D564239-B0E4-4E27-A53D-397FA1964CA4}.Release|Any CPU.Build.0 = Release|Any CPU
	EndGlobalSection
	GlobalSection(SolutionProperties) = preSolution
		HideSolutionNode = FALSE
	EndGlobalSection
	GlobalSection(ExtensibilityGlobals) = postSolution
		SolutionGuid = {22263901-510A-4538-8432-5618F817A06B}
	EndGlobalSection
EndGlobal
